aiobotocore==3.9.1
aiohappyeyeballs==2.7.1
aiohttp==3.14.3
aioitertools==0.13.0
aiosignal==1.4.0
attrs==26.1.0
botocore==1.43.75
certifi==2026.7.22
cftime==1.6.6
charset-normalizer==3.5.1
click==8.5.0
cloudpickle==3.1.2
configobj==5.0.9
dask==2026.8.0
defusedxml==0.7.1
donfig==0.8.1.post1
frozenlist==1.8.0
fsspec==2026.9.0
google-crc32c==1.9.0
idna==3.20
jmespath==1.1.0
locket==1.0.0
msgspec==0.21.1
multidict==6.9.1
netCDF4==1.7.4
numcodecs==0.17.0
numpy==2.5.3
packaging==26.3
pandas==3.0.6
partd==1.4.2
pathlib_abc==0.5.2
pillow==12.3.0
platformdirs==4.12.1
pooch==1.9.0
propcache==0.5.4
pykdtree==1.4.3
pyorbital==1.13.0
pyproj==3.8.0
pyresample==1.35.0
python-dateutil==2.9.0.post0
PyYAML==6.0.3
requests==2.34.2
s3fs==2026.9.0
satpy==0.60.0
scipy==1.18.1
shapely==2.1.2
six==1.17.0
toolz==1.1.0
trollimage==1.28.0
trollsift==1.0.1
typing_extensions==4.16.0
universal_pathlib==0.3.10
urllib3==2.8.0
wrapt==2.5.0
xarray==2026.7.0
yarl==1.25.1
zarr==3.4.0
